
Microsoft Visual Studio Solution File, Format Version 12.00
Project("{FAE04EC0-301F-11D3-BF4B-00C04F79EFBC}") = "Currency.Core", "Currency.Core\Currency.Core.csproj", "{45538C25-B8B8-494E-8818-6146D00C883C}"
EndProject
Project("{FAE04EC0-301F-11D3-BF4B-00C04F79EFBC}") = "Currency.Infrastructure", "Currency.Infrastructure\Currency.Infrastructure.csproj", "{B3D6141F-869D-4ED6-A7F3-44C64CFB6089}"
EndProject
Project("{FAE04EC0-301F-11D3-BF4B-00C04F79EFBC}") = "Currency.Api", "Currency.Api\Currency.Api.csproj", "{D6AEC3F1-FA1F-4749-A717-63F975BFC2F2}"
EndProject
Project("{FAE04EC0-301F-11D3-BF4B-00C04F79EFBC}") = "Currency.Cli", "Currency.Cli\Currency.Cli.csproj", "{9FAE726E-439F-4162-8DB1-14041D2EDD46}"
EndProject
Global
	GlobalSection(SolutionConfigurationPlatforms) = preSolution
		Debug|Any CPU = Debug|Any CPU
		Release|Any CPU = Release|Any CPU
	EndGlobalSection
	GlobalSection(ProjectConfigurationPlatforms) = postSolution
		{45538C25-B8B8-494E-8818-6146D00C883C}.Debug|Any CPU.ActiveCfg = Debug|Any CPU
		{45538C25-B8B8-494E-8818-6146D00C883C}.Debug|Any CPU.Build.0 = Debug|Any CPU
		{45538C25-B8B8-494E-8818-6146D00C883C}.Release|Any CPU.ActiveCfg = Release|Any CPU
		{45538C25-B8B8-494E-8818-6146D00C883C}.Release|Any CPU.Build.0 = Release|Any CPU
		{B3D6141F-869D-4ED6-A7F3-44C64CFB6089}.Debug|Any CPU.ActiveCfg = Debug|Any CPU
		{B3D6141F-869D-4ED6-A7F3-44C64CFB6089}.Debug|Any CPU.Build.0 = Debug|Any CPU
		{B3D6141F-869D-4ED6-A7F3-44C64CFB6089}.Release|Any CPU.ActiveCfg = Release|Any CPU
		{B3D6141F-869D-4ED6-A7F3-44C64CFB6089}.Release|Any CPU.Build.0 = Release|Any CPU
		{D6AEC3F1-FA1F-4749-A717-63F975BFC2F2}.Debug|Any CPU.ActiveCfg = Debug|Any CPU
		{D6AEC3F1-FA1F-4749-A717-63F975BFC2F2}.Debug|Any CPU.Build.0 = Debug|Any CPU
		{D6AEC3F1-FA1F-4749-A717-63F975BFC2F2}.Release|Any CPU.ActiveCfg = Release|Any CPU
		{D6AEC3F1-FA1F-4749-A717-63F975BFC2F2}.Release|Any CPU.Build.0 = Release|Any CPU
		{9FAE726E-439F-4162-8DB1-14041D2EDD46}.Debug|Any CPU.ActiveCfg = Debug|Any CPU
		{9FAE726E-439F-4162-8DB1-14041D2EDD46}.Debug|Any CPU.Build.0 = Debug|Any CPU
		{9FAE726E-439F-4162-8DB1-14041D2EDD46}.Release|Any CPU.ActiveCfg = Release|Any CPU
		{9FAE726E-439F-4162-8DB1-14041D2EDD46}.Release|Any CPU.Build.0 = Release|Any CPU
	EndGlobalSection
EndGlobal
